lockfileVersion: '9.0'

settings:
  autoInstallPeers: true
  excludeLinksFromLockfile: false

importers:

  .:
    dependencies:
      '@girs/adw-1':
        specifier: 1.10.0-4.0.0-rc.15
        version: 1.10.0-4.0.0-rc.15
      '@girs/gjs':
        specifier: 4.0.0-rc.15
        version: 4.0.0-rc.15
      '@girs/gst-1.0':
        specifier: 1.28.1-4.0.0-rc.15
        version: 1.28.1-4.0.0-rc.15
      '@girs/gtk-4.0':
        specifier: 4.23.0-4.0.0-rc.15
        version: 4.23.0-4.0.0-rc.15

packages:

  '@girs/adw-1@1.10.0-4.0.0-rc.15':
    resolution: {integrity: sha512-a0s6mgVUav5zRnlhgxnhmJ1cpwchg/XDRqBJNKml1bcOGLNRzfSFTLJ3I47Tl2WDYHDct62ZkSSKnxPErh+zRg==}

  '@girs/cairo-1.0@1.0.0-4.0.0-rc.15':
    resolution: {integrity: sha512-GkH1Zp/E049gntiU1enoR7sg4rqEC2uOtRJ28hl1sWkJteyGtUkDK6dQP3WE90JVyEN7eIZK4kmkXgGULqLUWA==}

  '@girs/freetype2-2.0@2.0.0-4.0.0-rc.15':
    resolution: {integrity: sha512-9ewd7cwn+2YjjhRW2WUTn38U2D98gEAWM85zBcYti+81yvG/5iRH93o1Ki32bwFWzSI1JWi/+F90YkbV0Hb9QQ==}

  '@girs/gdk-4.0@4.0.0-4.0.0-rc.15':
    resolution: {integrity: sha512-NFWG8T3WCNT6JV/p1g8VVBUdQQdW7SfQJk0De1PATLo+gpbay0M5eHCb1+oQoPPOozyFviAXtFm0o0XjIki2xA==}

  '@girs/gdkpixbuf-2.0@2.0.0-4.0.0-rc.15':
    resolution: {integrity: sha512-sC9ANhTdVngxlXGfItkiTeBkhfW+DwyfGo2b7rV8H4r0MQ3//2+L3tu6O3QFqbvGXSSk7K56a0D3fSc1et/aHQ==}

  '@girs/gio-2.0@2.88.0-4.0.0-rc.15':
    resolution: {integrity: sha512-ccnwhll0WgK6u4cCN7lwD8frRWnygRHdXi6mAZXpZaYi8vcPxWz59kQLVE8Zr2wwGhWaHygeuQd4FyY9FOil4A==}

  '@girs/gjs@4.0.0-rc.15':
    resolution: {integrity: sha512-rATaKfEcIFnwgTBcAzu/khOmkHG2sAOxKFq7L8hN3/j7RrF3ehlMYczKXSM3SPN3tYj8XANJF8OBZ/eKkh8Olg==}

  '@girs/glib-2.0@2.88.0-4.0.0-rc.15':
    resolution: {integrity: sha512-7XTGnWFPXSYMdMJVFgMsbNvXpQM48ZTPU3zMOKBGlWabjW2mX73xoGK7/D8ISpddqteC5QU5adohZXhuWI5qcA==}

  '@girs/gmodule-2.0@2.0.0-4.0.0-rc.15':
    resolution: {integrity: sha512-QCiFhcK04FbS83zuOcNpyD06D9VL5VMzWgLwbD3guipT3YTrpyiiioBDvMEnsPRBXE1fQTulfnLzaBQz480Hag==}

  '@girs/gobject-2.0@2.88.0-4.0.0-rc.15':
    resolution: {integrity: sha512-VxseRg9u+YRanhCSpgHTm3NFlSDbD1CbG8Ah5VRZmgqIhGGj6SAgcGglqnahav5e8/NJmUrDN801ClFo69E5Kg==}

  '@girs/graphene-1.0@1.0.0-4.0.0-rc.15':
    resolution: {integrity: sha512-Nqdy0NnKRdn61HDqht5JWGbVTS/Oc2VVDrzvnLFHF9AagtULQ9dhvDl7DoOhP/PngsoZFwX2y4OteEOs45ZWCw==}

  '@girs/gsk-4.0@4.0.0-4.0.0-rc.15':
    resolution: {integrity: sha512-uqw+KCXNSw4RelqywbLI0l5fC1Ff72PqpTVCuS3S7rDXbL2LkClvI5N3DvBHfj29MGORzTYPo8I0VE7+poJ9oQ==}

  '@girs/gst-1.0@1.28.1-4.0.0-rc.15':
    resolution: {integrity: sha512-HYSdXt+eaZwXVxLNMFmQANtBww/1T9Sk+TVUV5gRab1xBev6qNl4S3iYyebGH7x5ia9IBAPwLJfNRI2x+YdO2g==}

  '@girs/gtk-4.0@4.23.0-4.0.0-rc.15':
    resolution: {integrity: sha512-extSsa7YIzglPPUjNYoPyQyJIMflZbA/ORVtecPUXYRLB4mTwy8+CGvnXjD7FsQLnbGP/f1SrpuO14OQvqJ90Q==}

  '@girs/harfbuzz-0.0@13.2.1-4.0.0-rc.15':
    resolution: {integrity: sha512-giX1l3cOc0bvdvbdoHAAVskF/xfSYySh5WajX4+Yq7mMYAeWhXzsiY15s6FNjoRiB8BIIWg4lT6uGPqlMREhhw==}

  '@girs/pango-1.0@1.57.1-4.0.0-rc.15':
    resolution: {integrity: sha512-8a42I+2JQV20enK2zgJq++9AqAgPoXagikhEYH2hnLenG2kdYCImTsBQ2FxVdGmLS89+Qohg92tMR64VtJIo8Q==}

  '@girs/pangocairo-1.0@1.0.0-4.0.0-rc.15':
    resolution: {integrity: sha512-tDRLVAV3ZJBzGOER7csNezXkeoYPVlaALKZ+7UiaVQ+VMYIDl2gtpOg7FVHl5dVmWgwPlpdM/RvSbiIXgEmb4Q==}

snapshots:

  '@girs/adw-1@1.10.0-4.0.0-rc.15':
    dependencies:
      '@girs/cairo-1.0': 1.0.0-4.0.0-rc.15
      '@girs/freetype2-2.0': 2.0.0-4.0.0-rc.15
      '@girs/gdk-4.0': 4.0.0-4.0.0-rc.15
      '@girs/gdkpixbuf-2.0': 2.0.0-4.0.0-rc.15
      '@girs/gio-2.0': 2.88.0-4.0.0-rc.15
      '@girs/gjs': 4.0.0-rc.15
      '@girs/glib-2.0': 2.88.0-4.0.0-rc.15
      '@girs/gmodule-2.0': 2.0.0-4.0.0-rc.15
      '@girs/gobject-2.0': 2.88.0-4.0.0-rc.15
      '@girs/graphene-1.0': 1.0.0-4.0.0-rc.15
      '@girs/gsk-4.0': 4.0.0-4.0.0-rc.15
      '@girs/gtk-4.0': 4.23.0-4.0.0-rc.15
      '@girs/harfbuzz-0.0': 13.2.1-4.0.0-rc.15
      '@girs/pango-1.0': 1.57.1-4.0.0-rc.15
      '@girs/pangocairo-1.0': 1.0.0-4.0.0-rc.15

  '@girs/cairo-1.0@1.0.0-4.0.0-rc.15':
    dependencies:
      '@girs/gjs': 4.0.0-rc.15
      '@girs/glib-2.0': 2.88.0-4.0.0-rc.15
      '@girs/gobject-2.0': 2.88.0-4.0.0-rc.15

  '@girs/freetype2-2.0@2.0.0-4.0.0-rc.15':
    dependencies:
      '@girs/gjs': 4.0.0-rc.15
      '@girs/gobject-2.0': 2.88.0-4.0.0-rc.15

  '@girs/gdk-4.0@4.0.0-4.0.0-rc.15':
    dependencies:
      '@girs/cairo-1.0': 1.0.0-4.0.0-rc.15
      '@girs/freetype2-2.0': 2.0.0-4.0.0-rc.15
      '@girs/gdkpixbuf-2.0': 2.0.0-4.0.0-rc.15
      '@girs/gio-2.0': 2.88.0-4.0.0-rc.15
      '@girs/gjs': 4.0.0-rc.15
      '@girs/glib-2.0': 2.88.0-4.0.0-rc.15
      '@girs/gmodule-2.0': 2.0.0-4.0.0-rc.15
      '@girs/gobject-2.0': 2.88.0-4.0.0-rc.15
      '@girs/harfbuzz-0.0': 13.2.1-4.0.0-rc.15
      '@girs/pango-1.0': 1.57.1-4.0.0-rc.15
      '@girs/pangocairo-1.0': 1.0.0-4.0.0-rc.15

  '@girs/gdkpixbuf-2.0@2.0.0-4.0.0-rc.15':
    dependencies:
      '@girs/gio-2.0': 2.88.0-4.0.0-rc.15
      '@girs/gjs': 4.0.0-rc.15
      '@girs/glib-2.0': 2.88.0-4.0.0-rc.15
      '@girs/gmodule-2.0': 2.0.0-4.0.0-rc.15
      '@girs/gobject-2.0': 2.88.0-4.0.0-rc.15

  '@girs/gio-2.0@2.88.0-4.0.0-rc.15':
    dependencies:
      '@girs/gjs': 4.0.0-rc.15
      '@girs/glib-2.0': 2.88.0-4.0.0-rc.15
      '@girs/gmodule-2.0': 2.0.0-4.0.0-rc.15
      '@girs/gobject-2.0': 2.88.0-4.0.0-rc.15

  '@girs/gjs@4.0.0-rc.15':
    dependencies:
      '@girs/cairo-1.0': 1.0.0-4.0.0-rc.15
      '@girs/gio-2.0': 2.88.0-4.0.0-rc.15
      '@girs/glib-2.0': 2.88.0-4.0.0-rc.15
      '@girs/gobject-2.0': 2.88.0-4.0.0-rc.15

  '@girs/glib-2.0@2.88.0-4.0.0-rc.15':
    dependencies:
      '@girs/gjs': 4.0.0-rc.15
      '@girs/gobject-2.0': 2.88.0-4.0.0-rc.15

  '@girs/gmodule-2.0@2.0.0-4.0.0-rc.15':
    dependencies:
      '@girs/gjs': 4.0.0-rc.15
      '@girs/glib-2.0': 2.88.0-4.0.0-rc.15
      '@girs/gobject-2.0': 2.88.0-4.0.0-rc.15

  '@girs/gobject-2.0@2.88.0-4.0.0-rc.15':
    dependencies:
      '@girs/gjs': 4.0.0-rc.15
      '@girs/glib-2.0': 2.88.0-4.0.0-rc.15

  '@girs/graphene-1.0@1.0.0-4.0.0-rc.15':
    dependencies:
      '@girs/gjs': 4.0.0-rc.15
      '@girs/glib-2.0': 2.88.0-4.0.0-rc.15
      '@girs/gobject-2.0': 2.88.0-4.0.0-rc.15

  '@girs/gsk-4.0@4.0.0-4.0.0-rc.15':
    dependencies:
      '@girs/cairo-1.0': 1.0.0-4.0.0-rc.15
      '@girs/freetype2-2.0': 2.0.0-4.0.0-rc.15
      '@girs/gdk-4.0': 4.0.0-4.0.0-rc.15
      '@girs/gdkpixbuf-2.0': 2.0.0-4.0.0-rc.15
      '@girs/gio-2.0': 2.88.0-4.0.0-rc.15
      '@girs/gjs': 4.0.0-rc.15
      '@girs/glib-2.0': 2.88.0-4.0.0-rc.15
      '@girs/gmodule-2.0': 2.0.0-4.0.0-rc.15
      '@girs/gobject-2.0': 2.88.0-4.0.0-rc.15
      '@girs/graphene-1.0': 1.0.0-4.0.0-rc.15
      '@girs/harfbuzz-0.0': 13.2.1-4.0.0-rc.15
      '@girs/pango-1.0': 1.57.1-4.0.0-rc.15
      '@girs/pangocairo-1.0': 1.0.0-4.0.0-rc.15

  '@girs/gst-1.0@1.28.1-4.0.0-rc.15':
    dependencies:
      '@girs/gjs': 4.0.0-rc.15
      '@girs/glib-2.0': 2.88.0-4.0.0-rc.15
      '@girs/gmodule-2.0': 2.0.0-4.0.0-rc.15
      '@girs/gobject-2.0': 2.88.0-4.0.0-rc.15

  '@girs/gtk-4.0@4.23.0-4.0.0-rc.15':
    dependencies:
      '@girs/cairo-1.0': 1.0.0-4.0.0-rc.15
      '@girs/freetype2-2.0': 2.0.0-4.0.0-rc.15
      '@girs/gdk-4.0': 4.0.0-4.0.0-rc.15
      '@girs/gdkpixbuf-2.0': 2.0.0-4.0.0-rc.15
      '@girs/gio-2.0': 2.88.0-4.0.0-rc.15
      '@girs/gjs': 4.0.0-rc.15
      '@girs/glib-2.0': 2.88.0-4.0.0-rc.15
      '@girs/gmodule-2.0': 2.0.0-4.0.0-rc.15
      '@girs/gobject-2.0': 2.88.0-4.0.0-rc.15
      '@girs/graphene-1.0': 1.0.0-4.0.0-rc.15
      '@girs/gsk-4.0': 4.0.0-4.0.0-rc.15
      '@girs/harfbuzz-0.0': 13.2.1-4.0.0-rc.15
      '@girs/pango-1.0': 1.57.1-4.0.0-rc.15
      '@girs/pangocairo-1.0': 1.0.0-4.0.0-rc.15

  '@girs/harfbuzz-0.0@13.2.1-4.0.0-rc.15':
    dependencies:
      '@girs/freetype2-2.0': 2.0.0-4.0.0-rc.15
      '@girs/gjs': 4.0.0-rc.15
      '@girs/glib-2.0': 2.88.0-4.0.0-rc.15
      '@girs/gobject-2.0': 2.88.0-4.0.0-rc.15

  '@girs/pango-1.0@1.57.1-4.0.0-rc.15':
    dependencies:
      '@girs/cairo-1.0': 1.0.0-4.0.0-rc.15
      '@girs/freetype2-2.0': 2.0.0-4.0.0-rc.15
      '@girs/gio-2.0': 2.88.0-4.0.0-rc.15
      '@girs/gjs': 4.0.0-rc.15
      '@girs/glib-2.0': 2.88.0-4.0.0-rc.15
      '@girs/gmodule-2.0': 2.0.0-4.0.0-rc.15
      '@girs/gobject-2.0': 2.88.0-4.0.0-rc.15
      '@girs/harfbuzz-0.0': 13.2.1-4.0.0-rc.15

  '@girs/pangocairo-1.0@1.0.0-4.0.0-rc.15':
    dependencies:
      '@girs/cairo-1.0': 1.0.0-4.0.0-rc.15
      '@girs/freetype2-2.0': 2.0.0-4.0.0-rc.15
      '@girs/gio-2.0': 2.88.0-4.0.0-rc.15
      '@girs/gjs': 4.0.0-rc.15
      '@girs/glib-2.0': 2.88.0-4.0.0-rc.15
      '@girs/gmodule-2.0': 2.0.0-4.0.0-rc.15
      '@girs/gobject-2.0': 2.88.0-4.0.0-rc.15
      '@girs/harfbuzz-0.0': 13.2.1-4.0.0-rc.15
      '@girs/pango-1.0': 1.57.1-4.0.0-rc.15
